// !$*UTF8*$!
{
	archiveVersion = 1;
	classes = {
	};
	objectVersion = 48;
	objects = {

/* Begin PBXBuildFile section */
		72E8EF0B202946F10071AB1C /* AppDelegate.swift in Sources */ = {isa = PBXBuildFile; fileRef = 72E8EF0A202946F10071AB1C /* AppDelegate.swift */; };
		72E8EF0D202946F10071AB1C /* ViewController.swift in Sources */ = {isa = PBXBuildFile; fileRef = 72E8EF0C202946F10071AB1C /* ViewController.swift */; };
		72E8EF10202946F10071AB1C /* Scorer.xcdatamodeld in Sources */ = {isa = PBXBuildFile; fileRef = 72E8EF0E202946F10071AB1C /* Scorer.xcdatamodeld */; };
		72E8EF12202946F10071AB1C /* Assets.xcassets in Resources */ = {isa = PBXBuildFile; fileRef = 72E8EF11202946F10071AB1C /* Assets.xcassets */; };
		72E8EF15202946F10071AB1C /* Main.storyboard in Resources */ = {isa = PBXBuildFile; fileRef = 72E8EF13202946F10071AB1C /* Main.storyboard */; };
/* End PBXBuildFile section */

/* Begin PBXFileReference section */
		72E8EF07202946F10071AB1C /* Scorer.app */ = {isa = PBXFileReference; explicitFileType = wrapper.application; includeInIndex = 0; path = Scorer.app; sourceTree = BUILT_PRODUCTS_DIR; };
		72E8EF0A202946F10071AB1C /* AppDelegate.swift */ = {isa = PBXFileReference; lastKnownFileType = sourcecode.swift; path = AppDelegate.swift; sourceTree = "<group>"; };
		72E8EF0C202946F10071AB1C /* ViewController.swift */ = {isa = PBXFileReference; lastKnownFileType = sourcecode.swift; path = ViewController.swift; sourceTree = "<group>"; };
		72E8EF0F202946F10071AB1C /* Scorer.xcdatamodel */ = {isa = PBXFileReference; lastKnownFileType = wrapper.xcdatamodel; path = Scorer.xcdatamodel; sourceTree = "<group>"; };
		72E8EF11202946F10071AB1C /* Assets.xcassets */ = {isa = PBXFileReference; lastKnownFileType = folder.assetcatalog; path = Assets.xcassets; sourceTree = "<group>"; };
		72E8EF14202946F10071AB1C /* Base */ = {isa = PBXFileReference; lastKnownFileType = file.storyboard; name = Base; path = Base.lproj/Main.storyboard; sourceTree = "<group>"; };
		72E8EF16202946F10071AB1C /* Info.plist */ = {isa = PBXFileReference; lastKnownFileType = text.plist.xml; path = Info.plist; sourceTree = "<group>"; };
		72E8EF17202946F10071AB1C /* Scorer.entitlements */ = {isa = PBXFileReference; lastKnownFileType = text.plist.entitlements; path = Scorer.entitlements; sourceTree = "<group>"; };
/* End PBXFileReference section */

/* Begin PBXFrameworksBuildPhase section */
		72E8EF04202946F10071AB1C /* Frameworks */ = {
			isa = PBXFrameworksBuildPhase;
			buildActionMask = 2147483647;
			files = (
			);
			runOnlyForDeploymentPostprocessing = 0;
		};
/* End PBXFrameworksBuildPhase section */

/* Begin PBXGroup section */
		72E8EEFE202946F10071AB1C = {
			isa = PBXGroup;
			children = (
				72E8EF09202946F10071AB1C /* Scorer */,
				72E8EF08202946F10071AB1C /* Products */,
			);
			sourceTree = "<group>";
		};
		72E8EF08202946F10071AB1C /* Products */ = {
			isa = PBXGroup;
			children = (
				72E8EF07202946F10071AB1C /* Scorer.app */,
			);
			name = Products;
			sourceTree = "<group>";
		};
		72E8EF09202946F10071AB1C /* Scorer */ = {
			isa = PBXGroup;
			children = (
				72E8EF0A202946F10071AB1C /* AppDelegate.swift */,
				72E8EF0C202946F10071AB1C /* ViewController.swift */,
				72E8EF11202946F10071AB1C /* Assets.xcassets */,
				72E8EF13202946F10071AB1C /* Main.storyboard */,
				72E8EF16202946F10071AB1C /* Info.plist */,
				72E8EF17202946F10071AB1C /* Scorer.entitlements */,
				72E8EF0E202946F10071AB1C /* Scorer.xcdatamodeld */,
			);
			path = Scorer;
			sourceTree = "<group>";
		};
/* End PBXGroup section */

/* Begin PBXNativeTarget section */
		72E8EF06202946F10071AB1C /* Scorer */ = {
			isa = PBXNativeTarget;
			buildConfigurationList = 72E8EF1A202946F10071AB1C /* Build configuration list for PBXNativeTarget "Scorer" */;
			buildPhases = (
				72E8EF03202946F10071AB1C /* Sources */,
				72E8EF04202946F10071AB1C /* Frameworks */,
				72E8EF05202946F10071AB1C /* Resources */,
			);
			buildRules = (
			);
			dependencies = (
			);
			name = Scorer;
			productName = Scorer;
			productReference = 72E8EF07202946F10071AB1C /* Scorer.app */;
			productType = "com.apple.product-type.application";
		};
/* End PBXNativeTarget section */

/* Begin PBXProject section */
		72E8EEFF202946F10071AB1C /* Project object */ = {
			isa = PBXProject;
			attributes = {
				LastSwiftUpdateCheck = 0920;
				LastUpgradeCheck = 0920;
				ORGANIZATIONNAME = "Johnson Zhou";
				TargetAttributes = {
					72E8EF06202946F10071AB1C = {
						CreatedOnToolsVersion = 9.2;
						ProvisioningStyle = Automatic;
					};
				};
			};
			buildConfigurationList = 72E8EF02202946F10071AB1C /* Build configuration list for PBXProject "Scorer" */;
			compatibilityVersion = "Xcode 8.0";
			developmentRegion = en;
			hasScannedForEncodings = 0;
			knownRegions = (
				en,
				Base,
			);
			mainGroup = 72E8EEFE202946F10071AB1C;
			productRefGroup = 72E8EF08202946F10071AB1C /* Products */;
			projectDirPath = "";
			projectRoot = "";
			targets = (
				72E8EF06202946F10071AB1C /* Scorer */,
			);
		};
/* End PBXProject section */

/* Begin PBXResourcesBuildPhase section */
		72E8EF05202946F10071AB1C /* Resources */ = {
			isa = PBXResourcesBuildPhase;
			buildActionMask = 2147483647;
			files = (
				72E8EF12202946F10071AB1C /* Assets.xcassets in Resources */,
				72E8EF15202946F10071AB1C /* Main.storyboard in Resources */,
			);
			runOnlyForDeploymentPostprocessing = 0;
		};
/* End PBXResourcesBuildPhase section */

/* Begin PBXSourcesBuildPhase section */
		72E8EF03202946F10071AB1C /* Sources */ = {
			isa = PBXSourcesBuildPhase;
			buildActionMask = 2147483647;
			files = (
				72E8EF0D202946F10071AB1C /* ViewController.swift in Sources */,
				72E8EF0B202946F10071AB1C /* AppDelegate.swift in Sources */,
				72E8EF10202946F10071AB1C /* Scorer.xcdatamodeld in Sources */,
			);
			runOnlyForDeploymentPostprocessing = 0;
		};
/* End PBXSourcesBuildPhase section */

/* Begin PBXVariantGroup section */
		72E8EF13202946F10071AB1C /* Main.storyboard */ = {
			isa = PBXVariantGroup;
			children = (
				72E8EF14202946F10071AB1C /* Base */,
			);
			name = Main.storyboard;
			sourceTree = "<group>";
		};
/* End PBXVariantGroup section */

/* Begin XCBuildConfiguration section */
		72E8EF18202946F10071AB1C /* Debug */ = {
			isa = XCBuildConfiguration;
			buildSettings = {
				ALWAYS_SEARCH_USER_PATHS = NO;
				CLANG_ANALYZER_NONNULL = YES;
				CLANG_ANALYZER_NUMBER_OBJECT_CONVERSION = YES_AGGRESSIVE;
				CLANG_CXX_LANGUAGE_STANDARD = "gnu++14";
				CLANG_CXX_LIBRARY = "libc++";
				CLANG_ENABLE_MODULES = YES;
				CLANG_ENABLE_OBJC_ARC = YES;
				CLANG_WARN_BLOCK_CAPTURE_AUTORELEASING = YES;
				CLANG_WARN_BOOL_CONVERSION = YES;
				CLANG_WARN_COMMA = YES;
				CLANG_WARN_CONSTANT_CONVERSION = YES;
				CLANG_WARN_DIRECT_OBJC_ISA_USAGE = YES_ERROR;
				CLANG_WARN_DOCUMENTATION_COMMENTS = YES;
				CLANG_WARN_EMPTY_BODY = YES;
				CLANG_WARN_ENUM_CONVERSION = YES;
				CLANG_WARN_INFINITE_RECURSION = YES;
				CLANG_WARN_INT_CONVERSION = YES;
				CLANG_WARN_NON_LITERAL_NULL_CONVERSION = YES;
				CLANG_WARN_OBJC_LITERAL_CONVERSION = YES;
				CLANG_WARN_OBJC_ROOT_CLASS = YES_ERROR;
				CLANG_WARN_RANGE_LOOP_ANALYSIS = YES;
				CLANG_WARN_STRICT_PROTOTYPES = YES;
				CLANG_WARN_SUSPICIOUS_MOVE = YES;
				CLANG_WARN_UNGUARDED_AVAILABILITY = YES_AGGRESSIVE;
				CLANG_WARN_UNREACHABLE_CODE = YES;
				CLANG_WARN__DUPLICATE_METHOD_MATCH = YES;
				CODE_SIGN_IDENTITY = "Mac Developer";
				COPY_PHASE_STRIP = NO;
				DEBUG_INFORMATION_FORMAT = dwarf;
				ENABLE_STRICT_OBJC_MSGSEND = YES;
				ENABLE_TESTABILITY = YES;
				GCC_C_LANGUAGE_STANDARD = gnu11;
				GCC_DYNAMIC_NO_PIC = NO;
				GCC_NO_COMMON_BLOCKS = YES;
				GCC_OPTIMIZATION_LEVEL = 0;
				GCC_PREPROCESSOR_DEFINITIONS = (
					"DEBUG=1",
					"$(inherited)",
				);
				GCC_WARN_64_TO_32_BIT_CONVERSION = YES;
				GCC_WARN_ABOUT_RETURN_TYPE = YES_ERROR;
				GCC_WARN_UNDECLARED_SELECTOR = YES;
				GCC_WARN_UNINITIALIZED_AUTOS = YES_AGGRESSIVE;
				GCC_WARN_UNUSED_FUNCTION = YES;
				GCC_WARN_UNUSED_VARIABLE = YES;
				MACOSX_DEPLOYMENT_TARGET = 10.13;
				MTL_ENABLE_DEBUG_INFO = YES;
				ONLY_ACTIVE_ARCH = YES;
				SDKROOT = macosx;
				SWIFT_ACTIVE_COMPILATION_CONDITIONS = DEBUG;
				SWIFT_OPTIMIZATION_LEVEL = "-Onone";
			};
			name = Debug;
		};
		72E8EF19202946F10071AB1C /* Release */ = {
			isa = XCBuildConfiguration;
			buildSettings = {
				ALWAYS_SEARCH_USER_PATHS = NO;
				CLANG_ANALYZER_NONNULL = YES;
				CLANG_ANALYZER_NUMBER_OBJECT_CONVERSION = YES_AGGRESSIVE;
				CLANG_CXX_LANGUAGE_STANDARD = "gnu++14";
				CLANG_CXX_LIBRARY = "libc++";
				CLANG_ENABLE_MODULES = YES;
				CLANG_ENABLE_OBJC_ARC = YES;
				CLANG_WARN_BLOCK_CAPTURE_AUTORELEASING = YES;
				CLANG_WARN_BOOL_CONVERSION = YES;
				CLANG_WARN_COMMA = YES;
				CLANG_WARN_CONSTANT_CONVERSION = YES;
				CLANG_WARN_DIRECT_OBJC_ISA_USAGE = YES_ERROR;
				CLANG_WARN_DOCUMENTATION_COMMENTS = YES;
				CLANG_WARN_EMPTY_BODY = YES;
				CLANG_WARN_ENUM_CONVERSION = YES;
				CLANG_WARN_INFINITE_RECURSION = YES;
				CLANG_WARN_INT_CONVERSION = YES;
				CLANG_WARN_NON_LITERAL_NULL_CONVERSION = YES;
				CLANG_WARN_OBJC_LITERAL_CONVERSION = YES;
				CLANG_WARN_OBJC_ROOT_CLASS = YES_ERROR;
				CLANG_WARN_RANGE_LOOP_ANALYSIS = YES;
				CLANG_WARN_STRICT_PROTOTYPES = YES;
				CLANG_WARN_SUSPICIOUS_MOVE = YES;
				CLANG_WARN_UNGUARDED_AVAILABILITY = YES_AGGRESSIVE;
				CLANG_WARN_UNREACHABLE_CODE = YES;
				CLANG_WARN__DUPLICATE_METHOD_MATCH = YES;
				CODE_SIGN_IDENTITY = "Mac Developer";
				COPY_PHASE_STRIP = NO;
				DEBUG_INFORMATION_FORMAT = "dwarf-with-dsym";
				ENABLE_NS_ASSERTIONS = NO;
				ENABLE_STRICT_OBJC_MSGSEND = YES;
				GCC_C_LANGUAGE_STANDARD = gnu11;
				GCC_NO_COMMON_BLOCKS = YES;
				GCC_WARN_64_TO_32_BIT_CONVERSION = YES;
				GCC_WARN_ABOUT_RETURN_TYPE = YES_ERROR;
				GCC_WARN_UNDECLARED_SELECTOR = YES;
				GCC_WARN_UNINITIALIZED_AUTOS = YES_AGGRESSIVE;
				GCC_WARN_UNUSED_FUNCTION = YES;
				GCC_WARN_UNUSED_VARIABLE = YES;
				MACOSX_DEPLOYMENT_TARGET = 10.13;
				MTL_ENABLE_DEBUG_INFO = NO;
				SDKROOT = macosx;
				SWIFT_OPTIMIZATION_LEVEL = "-Owholemodule";
			};
			name = Release;
		};
		72E8EF1B202946F10071AB1C /* Debug */ = {
			isa = XCBuildConfiguration;
			buildSettings = {
				ASSETCATALOG_COMPILER_APPICON_NAME = AppIcon;
				CODE_SIGN_ENTITLEMENTS = Scorer/Scorer.entitlements;
				CODE_SIGN_STYLE = Automatic;
				COMBINE_HIDPI_IMAGES = YES;
				DEVELOPMENT_TEAM = 486B9F2DGV;
				INFOPLIST_FILE = Scorer/Info.plist;
				LD_RUNPATH_SEARCH_PATHS = "$(inherited) @executable_path/../Frameworks";
				PRODUCT_BUNDLE_IDENTIFIER = "Johnson-Zhou.Scorer";
				PRODUCT_NAME = "$(TARGET_NAME)";
				SWIFT_VERSION = 4.0;
			};
			name = Debug;
		};
		72E8EF1C202946F10071AB1C /* Release */ = {
			isa = XCBuildConfiguration;
			buildSettings = {
				ASSETCATALOG_COMPILER_APPICON_NAME = AppIcon;
				CODE_SIGN_ENTITLEMENTS = Scorer/Scorer.entitlements;
				CODE_SIGN_STYLE = Automatic;
				COMBINE_HIDPI_IMAGES = YES;
				DEVELOPMENT_TEAM = 486B9F2DGV;
				INFOPLIST_FILE = Scorer/Info.plist;
				LD_RUNPATH_SEARCH_PATHS = "$(inherited) @executable_path/../Frameworks";
				PRODUCT_BUNDLE_IDENTIFIER = "Johnson-Zhou.Scorer";
				PRODUCT_NAME = "$(TARGET_NAME)";
				SWIFT_VERSION = 4.0;
			};
			name = Release;
		};
/* End XCBuildConfiguration section */

/* Begin XCConfigurationList section */
		72E8EF02202946F10071AB1C /* Build configuration list for PBXProject "Scorer" */ = {
			isa = XCConfigurationList;
			buildConfigurations = (
				72E8EF18202946F10071AB1C /* Debug */,
				72E8EF19202946F10071AB1C /* Release */,
			);
			defaultConfigurationIsVisible = 0;
			defaultConfigurationName = Release;
		};
		72E8EF1A202946F10071AB1C /* Build configuration list for PBXNativeTarget "Scorer" */ = {
			isa = XCConfigurationList;
			buildConfigurations = (
				72E8EF1B202946F10071AB1C /* Debug */,
				72E8EF1C202946F10071AB1C /* Release */,
			);
			defaultConfigurationIsVisible = 0;
			defaultConfigurationName = Release;
		};
/* End XCConfigurationList section */

/* Begin XCVersionGroup section */
		72E8EF0E202946F10071AB1C /* Scorer.xcdatamodeld */ = {
			isa = XCVersionGroup;
			children = (
				72E8EF0F202946F10071AB1C /* Scorer.xcdatamodel */,
			);
			currentVersion = 72E8EF0F202946F10071AB1C /* Scorer.xcdatamodel */;
			path = Scorer.xcdatamodeld;
			sourceTree = "<group>";
			versionGroupType = wrapper.xcdatamodel;
		};
/* End XCVersionGroup section */
	};
	rootObject = 72E8EEFF202946F10071AB1C /* Project object */;
}
